
Microsoft Visual Studio Solution File, Format Version 12.00
# Visual Studio Version 17
VisualStudioVersion = 17.1.32414.318
MinimumVisualStudioVersion = 10.0.40219.1
Project("{FAE04EC0-301F-11D3-BF4B-00C04F79EFBC}") = "ConsoleApp1", "ConsoleApp1.csproj", "{9F8B2C5E-7585-4388-9CA9-7612254ED9DE}"
EndProject
Global
	GlobalSection(SolutionConfigurationPlatforms) = preSolution
		Debug|Any CPU = Debug|Any CPU
		Release|Any CPU = Release|Any CPU
	EndGlobalSection
	GlobalSection(ProjectConfigurationPlatforms) = postSolution
		{9F8B2C5E-7585-4388-9CA9-7612254ED9DE}.Debug|Any CPU.ActiveCfg = Debug|Any CPU
		{9F8B2C5E-7585-4388-9CA9-7612254ED9DE}.Debug|Any CPU.Build.0 = Debug|Any CPU
		{9F8B2C5E-7585-4388-9CA9-7612254ED9DE}.Release|Any CPU.ActiveCfg = Release|Any CPU
		{9F8B2C5E-7585-4388-9CA9-7612254ED9DE}.Release|Any CPU.Build.0 = Release|Any CPU
	EndGlobalSection
	GlobalSection(SolutionProperties) = preSolution
		HideSolutionNode = FALSE
	EndGlobalSection
	GlobalSection(ExtensibilityGlobals) = postSolution
		SolutionGuid = {C36CD596-ED47-452A-B718-07473F1CB710}
	EndGlobalSection
EndGlobal
